// !$*UTF8*$!
{
	archiveVersion = 1;
	classes = {
	};
	objectVersion = 46;
	objects = {

/* Begin PBXBuildFile section */
		8746CA9F2B964DC300C0DAEF /* XMLWriter.h in Headers */ = {isa = PBXBuildFile; fileRef = 8746CA9D2B964DC300C0DAEF /* XMLWriter.h */; };
		8746CAA02B964DC300C0DAEF /* XMLWriter.m in Sources */ = {isa = PBXBuildFile; fileRef = 8746CA9E2B964DC300C0DAEF /* XMLWriter.m */; };
		87F032452B965D480094CF6F /* CoreFoundation.framework in Frameworks */ = {isa = PBXBuildFile; fileRef = 87F032442B965D480094CF6F /* CoreFoundation.framework */; };
		87F032472B965D540094CF6F /* Foundation.framework in Frameworks */ = {isa = PBXBuildFile; fileRef = 87F032462B965D540094CF6F /* Foundation.framework */; };
/* End PBXBuildFile section */

/* Begin PBXFileReference section */
		8746CA832B964D7E00C0DAEF /* libxswi.dylib */ = {isa = PBXFileReference; explicitFileType = "compiled.mach-o.dylib"; includeInIndex = 0; path = libxswi.dylib; sourceTree = BUILT_PRODUCTS_DIR; };
		8746CA942B964D7F00C0DAEF /* Info.plist */ = {isa = PBXFileReference; lastKnownFileType = text.plist.xml; path = Info.plist; sourceTree = "<group>"; };
		8746CA9D2B964DC300C0DAEF /* XMLWriter.h */ = {isa = PBXFileReference; fileEncoding = 4; lastKnownFileType = sourcecode.c.h; name = XMLWriter.h; path = ../../xswi/XMLWriter.h; sourceTree = "<group>"; };
		8746CA9E2B964DC300C0DAEF /* XMLWriter.m */ = {isa = PBXFileReference; fileEncoding = 4; lastKnownFileType = sourcecode.c.objc; name = XMLWriter.m; path = ../../xswi/XMLWriter.m; sourceTree = "<group>"; };
		87C9D4712B964F9D00649653 /* AmiShare.xcconfig */ = {isa = PBXFileReference; fileEncoding = 4; lastKnownFileType = text.xcconfig; lineEnding = 0; name = AmiShare.xcconfig; path = ../../../../../ReplicatingPeer/Makefiles/Darwin/AmiShare.xcconfig; sourceTree = "<group>"; };
		87C9D4722B964FA700649653 /* AmiShare-release.xcconfig */ = {isa = PBXFileReference; lastKnownFileType = text.xcconfig; lineEnding = 0; name = "AmiShare-release.xcconfig"; path = "/mnt/ChrisC_Life-500GB/Users/chrisc/ChrisC_Life.Rimmer/src/UNIX-Multi-Platform/AmiShare/ReplicatingPeer/src/objc/libBoxOSBase/../../../Makefiles/Darwin/AmiShare-release.xcconfig"; sourceTree = "<absolute>"; };
		87F032442B965D480094CF6F /* CoreFoundation.framework */ = {isa = PBXFileReference; lastKnownFileType = wrapper.framework; name = CoreFoundation.framework; path = System/Library/Frameworks/CoreFoundation.framework; sourceTree = SDKROOT; };
		87F032462B965D540094CF6F /* Foundation.framework */ = {isa = PBXFileReference; lastKnownFileType = wrapper.framework; name = Foundation.framework; path = System/Library/Frameworks/Foundation.framework; sourceTree = SDKROOT; };
		87F032492B965E320094CF6F /* GNUmakefile */ = {isa = PBXFileReference; lastKnownFileType = text; path = GNUmakefile; sourceTree = "<group>"; };
		87F032BD2B965E410094CF6F /* GNUmakefile */ = {isa = PBXFileReference; lastKnownFileType = text; path = GNUmakefile; sourceTree = "<group>"; };
		87F032D22B965E560094CF6F /* GNUmakefile */ = {isa = PBXFileReference; lastKnownFileType = text; path = GNUmakefile; sourceTree = "<group>"; };
/* End PBXFileReference section */

/* Begin PBXFrameworksBuildPhase section */
		8746CA802B964D7E00C0DAEF /* Frameworks */ = {
			isa = PBXFrameworksBuildPhase;
			buildActionMask = 2147483647;
			files = (
				87F032472B965D540094CF6F /* Foundation.framework in Frameworks */,
				87F032452B965D480094CF6F /* CoreFoundation.framework in Frameworks */,
			);
			runOnlyForDeploymentPostprocessing = 0;
		};
/* End PBXFrameworksBuildPhase section */

/* Begin PBXGroup section */
		8746CA7A2B964D7E00C0DAEF = {
			isa = PBXGroup;
			children = (
				87F032462B965D540094CF6F /* Foundation.framework */,
				87F032442B965D480094CF6F /* CoreFoundation.framework */,
				8746CA852B964D7E00C0DAEF /* xswi-darwin */,
				8746CA922B964D7F00C0DAEF /* xswi-darwinTests */,
				8746CA842B964D7E00C0DAEF /* Products */,
			);
			sourceTree = "<group>";
		};
		8746CA842B964D7E00C0DAEF /* Products */ = {
			isa = PBXGroup;
			children = (
				8746CA832B964D7E00C0DAEF /* libxswi.dylib */,
			);
			name = Products;
			sourceTree = "<group>";
		};
		8746CA852B964D7E00C0DAEF /* xswi-darwin */ = {
			isa = PBXGroup;
			children = (
				87F032D12B965E560094CF6F /* Windows */,
				87F032BC2B965E410094CF6F /* FreeBSD */,
				87F032482B965E320094CF6F /* Linux */,
				87C9D4702B964F8A00649653 /* build-install */,
				8746CA9D2B964DC300C0DAEF /* XMLWriter.h */,
				8746CA9E2B964DC300C0DAEF /* XMLWriter.m */,
			);
			path = "xswi-darwin";
			sourceTree = "<group>";
		};
		8746CA922B964D7F00C0DAEF /* xswi-darwinTests */ = {
			isa = PBXGroup;
			children = (
				8746CA932B964D7F00C0DAEF /* Supporting Files */,
			);
			path = "xswi-darwinTests";
			sourceTree = "<group>";
		};
		8746CA932B964D7F00C0DAEF /* Supporting Files */ = {
			isa = PBXGroup;
			children = (
				8746CA942B964D7F00C0DAEF /* Info.plist */,
			);
			name = "Supporting Files";
			sourceTree = "<group>";
		};
		87C9D4702B964F8A00649653 /* build-install */ = {
			isa = PBXGroup;
			children = (
				87C9D4712B964F9D00649653 /* AmiShare.xcconfig */,
				87C9D4722B964FA700649653 /* AmiShare-release.xcconfig */,
			);
			name = "build-install";
			sourceTree = "<group>";
		};
		87F032482B965E320094CF6F /* Linux */ = {
			isa = PBXGroup;
			children = (
				87F032492B965E320094CF6F /* GNUmakefile */,
			);
			name = Linux;
			path = ../../Linux;
			sourceTree = "<group>";
		};
		87F032BC2B965E410094CF6F /* FreeBSD */ = {
			isa = PBXGroup;
			children = (
				87F032BD2B965E410094CF6F /* GNUmakefile */,
			);
			name = FreeBSD;
			path = ../../FreeBSD;
			sourceTree = "<group>";
		};
		87F032D12B965E560094CF6F /* Windows */ = {
			isa = PBXGroup;
			children = (
				87F032D22B965E560094CF6F /* GNUmakefile */,
			);
			name = Windows;
			path = ../../Windows;
			sourceTree = "<group>";
		};
/* End PBXGroup section */

/* Begin PBXHeadersBuildPhase section */
		8746CA812B964D7E00C0DAEF /* Headers */ = {
			isa = PBXHeadersBuildPhase;
			buildActionMask = 2147483647;
			files = (
				8746CA9F2B964DC300C0DAEF /* XMLWriter.h in Headers */,
			);
			runOnlyForDeploymentPostprocessing = 0;
		};
/* End PBXHeadersBuildPhase section */

/* Begin PBXNativeTarget section */
		8746CA822B964D7E00C0DAEF /* xswi-darwin */ = {
			isa = PBXNativeTarget;
			buildConfigurationList = 8746CA972B964D7F00C0DAEF /* Build configuration list for PBXNativeTarget "xswi-darwin" */;
			buildPhases = (
				8746CA7F2B964D7E00C0DAEF /* Sources */,
				8746CA802B964D7E00C0DAEF /* Frameworks */,
				8746CA812B964D7E00C0DAEF /* Headers */,
			);
			buildRules = (
			);
			dependencies = (
			);
			name = "xswi-darwin";
			productName = "xswi-darwin";
			productReference = 8746CA832B964D7E00C0DAEF /* libxswi.dylib */;
			productType = "com.apple.product-type.library.dynamic";
		};
/* End PBXNativeTarget section */

/* Begin PBXProject section */
		8746CA7B2B964D7E00C0DAEF /* Project object */ = {
			isa = PBXProject;
			attributes = {
				LastUpgradeCheck = 0640;
				ORGANIZATIONNAME = "Kinnami Software Corporation";
				TargetAttributes = {
					8746CA822B964D7E00C0DAEF = {
						CreatedOnToolsVersion = 6.4;
					};
				};
			};
			buildConfigurationList = 8746CA7E2B964D7E00C0DAEF /* Build configuration list for PBXProject "xswi-darwin" */;
			compatibilityVersion = "Xcode 3.2";
			developmentRegion = English;
			hasScannedForEncodings = 0;
			knownRegions = (
				en,
			);
			mainGroup = 8746CA7A2B964D7E00C0DAEF;
			productRefGroup = 8746CA842B964D7E00C0DAEF /* Products */;
			projectDirPath = "";
			projectRoot = "";
			targets = (
				8746CA822B964D7E00C0DAEF /* xswi-darwin */,
			);
		};
/* End PBXProject section */

/* Begin PBXSourcesBuildPhase section */
		8746CA7F2B964D7E00C0DAEF /* Sources */ = {
			isa = PBXSourcesBuildPhase;
			buildActionMask = 2147483647;
			files = (
				8746CAA02B964DC300C0DAEF /* XMLWriter.m in Sources */,
			);
			runOnlyForDeploymentPostprocessing = 0;
		};
/* End PBXSourcesBuildPhase section */

/* Begin XCBuildConfiguration section */
		8746CA952B964D7F00C0DAEF /* Debug */ = {
			isa = XCBuildConfiguration;
			baseConfigurationReference = 87C9D4712B964F9D00649653 /* AmiShare.xcconfig */;
			buildSettings = {
				GCC_OPTIMIZATION_LEVEL = 0;
				GCC_WARN_ABOUT_RETURN_TYPE = YES_ERROR;
				GCC_WARN_UNUSED_VARIABLE = YES;
				PREBINDING = NO;
			};
			name = Debug;
		};
		8746CA962B964D7F00C0DAEF /* Release */ = {
			isa = XCBuildConfiguration;
			baseConfigurationReference = 87C9D4722B964FA700649653 /* AmiShare-release.xcconfig */;
			buildSettings = {
				GCC_WARN_ABOUT_RETURN_TYPE = YES_ERROR;
				GCC_WARN_UNUSED_VARIABLE = YES;
				PREBINDING = NO;
			};
			name = Release;
		};
		8746CA982B964D7F00C0DAEF /* Debug */ = {
			isa = XCBuildConfiguration;
			buildSettings = {
				ALWAYS_SEARCH_USER_PATHS = NO;
				COPY_PHASE_STRIP = NO;
				GCC_MODEL_TUNING = G5;
				PRODUCT_NAME = libxswi;
			};
			name = Debug;
		};
		8746CA992B964D7F00C0DAEF /* Release */ = {
			isa = XCBuildConfiguration;
			buildSettings = {
				ALWAYS_SEARCH_USER_PATHS = NO;
				DEBUG_INFORMATION_FORMAT = "dwarf-with-dsym";
				GCC_MODEL_TUNING = G5;
				PRODUCT_NAME = libxswi;
			};
			name = Release;
		};
/* End XCBuildConfiguration section */

/* Begin XCConfigurationList section */
		8746CA7E2B964D7E00C0DAEF /* Build configuration list for PBXProject "xswi-darwin" */ = {
			isa = XCConfigurationList;
			buildConfigurations = (
				8746CA952B964D7F00C0DAEF /* Debug */,
				8746CA962B964D7F00C0DAEF /* Release */,
			);
			defaultConfigurationIsVisible = 0;
			defaultConfigurationName = Release;
		};
		8746CA972B964D7F00C0DAEF /* Build configuration list for PBXNativeTarget "xswi-darwin" */ = {
			isa = XCConfigurationList;
			buildConfigurations = (
				8746CA982B964D7F00C0DAEF /* Debug */,
				8746CA992B964D7F00C0DAEF /* Release */,
			);
			defaultConfigurationIsVisible = 0;
			defaultConfigurationName = Release;
		};
/* End XCConfigurationList section */
	};
	rootObject = 8746CA7B2B964D7E00C0DAEF /* Project object */;
}
